
Microsoft Visual Studio Solution File, Format Version 12.00
# Visual Studio 15
VisualStudioVersion = 15.0.28307.779
MinimumVisualStudioVersion = 10.0.40219.1
Project("{FAE04EC0-301F-11D3-BF4B-00C04F79EFBC}") = "WcfServiceApplication", "WcfServiceApplication\WcfServiceApplication.csproj", "{01678DCB-DDD0-4816-9417-DB7F3F5EE97D}"
EndProject
Project("{FAE04EC0-301F-11D3-BF4B-00C04F79EFBC}") = "SharedLibrary", "SharedLibrary\SharedLibrary.csproj", "{13C4D582-2A42-4C51-B198-0014167F3899}"
EndProject
Project("{FAE04EC0-301F-11D3-BF4B-00C04F79EFBC}") = "AdoptADogClient", "AdoptADogClient\AdoptADogClient.csproj", "{BA9B9C72-BD4B-41CD-BE98-6DF68FDA0252}"
EndProject
Global
	GlobalSection(SolutionConfigurationPlatforms) = preSolution
		Debug|Any CPU = Debug|Any CPU
		Release|Any CPU = Release|Any CPU
	EndGlobalSection
	GlobalSection(ProjectConfigurationPlatforms) = postSolution
		{01678DCB-DDD0-4816-9417-DB7F3F5EE97D}.Debug|Any CPU.ActiveCfg = Debug|Any CPU
		{01678DCB-DDD0-4816-9417-DB7F3F5EE97D}.Debug|Any CPU.Build.0 = Debug|Any CPU
		{01678DCB-DDD0-4816-9417-DB7F3F5EE97D}.Release|Any CPU.ActiveCfg = Release|Any CPU
		{01678DCB-DDD0-4816-9417-DB7F3F5EE97D}.Release|Any CPU.Build.0 = Release|Any CPU
		{13C4D582-2A42-4C51-B198-0014167F3899}.Debug|Any CPU.ActiveCfg = Debug|Any CPU
		{13C4D582-2A42-4C51-B198-0014167F3899}.Debug|Any CPU.Build.0 = Debug|Any CPU
		{13C4D582-2A42-4C51-B198-0014167F3899}.Release|Any CPU.ActiveCfg = Release|Any CPU
		{13C4D582-2A42-4C51-B198-0014167F3899}.Release|Any CPU.Build.0 = Release|Any CPU
		{BA9B9C72-BD4B-41CD-BE98-6DF68FDA0252}.Debug|Any CPU.ActiveCfg = Debug|Any CPU
		{BA9B9C72-BD4B-41CD-BE98-6DF68FDA0252}.Debug|Any CPU.Build.0 = Debug|Any CPU
		{BA9B9C72-BD4B-41CD-BE98-6DF68FDA0252}.Release|Any CPU.ActiveCfg = Release|Any CPU
		{BA9B9C72-BD4B-41CD-BE98-6DF68FDA0252}.Release|Any CPU.Build.0 = Release|Any CPU
	EndGlobalSection
	GlobalSection(SolutionProperties) = preSolution
		HideSolutionNode = FALSE
	EndGlobalSection
	GlobalSection(ExtensibilityGlobals) = postSolution
		SolutionGuid = {8E34CC54-C669-434C-B738-E19F899B7BAF}
	EndGlobalSection
EndGlobal
